
Microsoft Visual Studio Solution File, Format Version 12.00
# Visual Studio Version 17
VisualStudioVersion = 17.14.36915.13
MinimumVisualStudioVersion = 10.0.40219.1
Project("{FAE04EC0-301F-11D3-BF4B-00C04F79EFBC}") = "app_familyChronikApi", "app_familyChronikApi\app_familyChronikApi.csproj", "{7F6F8511-A4BA-41AC-9CB8-C9753B1D5F1F}"
EndProject
Project("{FAE04EC0-301F-11D3-BF4B-00C04F79EFBC}") = "appAhnenforschungData", "appAhnenforschungData\appAhnenforschungData.csproj", "{CC1F8B0F-E949-D0C9-A9EC-CF84C5DB6453}"
EndProject
Global
	GlobalSection(SolutionConfigurationPlatforms) = preSolution
		Debug|Any CPU = Debug|Any CPU
		Release|Any CPU = Release|Any CPU
	EndGlobalSection
	GlobalSection(ProjectConfigurationPlatforms) = postSolution
		{7F6F8511-A4BA-41AC-9CB8-C9753B1D5F1F}.Debug|Any CPU.ActiveCfg = Debug|Any CPU
		{7F6F8511-A4BA-41AC-9CB8-C9753B1D5F1F}.Debug|Any CPU.Build.0 = Debug|Any CPU
		{7F6F8511-A4BA-41AC-9CB8-C9753B1D5F1F}.Release|Any CPU.ActiveCfg = Release|Any CPU
		{7F6F8511-A4BA-41AC-9CB8-C9753B1D5F1F}.Release|Any CPU.Build.0 = Release|Any CPU
		{CC1F8B0F-E949-D0C9-A9EC-CF84C5DB6453}.Debug|Any CPU.ActiveCfg = Debug|Any CPU
		{CC1F8B0F-E949-D0C9-A9EC-CF84C5DB6453}.Debug|Any CPU.Build.0 = Debug|Any CPU
		{CC1F8B0F-E949-D0C9-A9EC-CF84C5DB6453}.Release|Any CPU.ActiveCfg = Release|Any CPU
		{CC1F8B0F-E949-D0C9-A9EC-CF84C5DB6453}.Release|Any CPU.Build.0 = Release|Any CPU
	EndGlobalSection
	GlobalSection(SolutionProperties) = preSolution
		HideSolutionNode = FALSE
	EndGlobalSection
	GlobalSection(ExtensibilityGlobals) = postSolution
		SolutionGuid = {AF0238B7-4656-4D49-9A8C-4548123B687D}
	EndGlobalSection
EndGlobal
